// !$*UTF8*$!
{
	archiveVersion = 1;
	classes = {
	};
	objectVersion = 46;
	objects = {

/* Begin PBXBuildFile section */
		A3D3A4C51C566479003DD63F /* main.m in Sources */ = {isa = PBXBuildFile; fileRef = A3D3A4C41C566479003DD63F /* main.m */; };
		A3D3A4C81C566479003DD63F /* AppDelegate.m in Sources */ = {isa = PBXBuildFile; fileRef = A3D3A4C71C566479003DD63F /* AppDelegate.m */; };
		A3D3A4CB1C566479003DD63F /* Sample_PodDemo.xcdatamodeld in Sources */ = {isa = PBXBuildFile; fileRef = A3D3A4C91C566479003DD63F /* Sample_PodDemo.xcdatamodeld */; };
		A3D3A4CE1C566479003DD63F /* ViewController.m in Sources */ = {isa = PBXBuildFile; fileRef = A3D3A4CD1C566479003DD63F /* ViewController.m */; };
		A3D3A4D11C566479003DD63F /* Main.storyboard in Resources */ = {isa = PBXBuildFile; fileRef = A3D3A4CF1C566479003DD63F /* Main.storyboard */; };
		A3D3A4D31C566479003DD63F /* Images.xcassets in Resources */ = {isa = PBXBuildFile; fileRef = A3D3A4D21C566479003DD63F /* Images.xcassets */; };
		A3D3A4D61C566479003DD63F /* LaunchScreen.xib in Resources */ = {isa = PBXBuildFile; fileRef = A3D3A4D41C566479003DD63F /* LaunchScreen.xib */; };
		A3D3A4E21C566479003DD63F /* Sample_PodDemoTests.m in Sources */ = {isa = PBXBuildFile; fileRef = A3D3A4E11C566479003DD63F /* Sample_PodDemoTests.m */; };
/* End PBXBuildFile section */

/* Begin PBXContainerItemProxy section */
		A3D3A4DC1C566479003DD63F /* PBXContainerItemProxy */ = {
			isa = PBXContainerItemProxy;
			containerPortal = A3D3A4B71C566479003DD63F /* Project object */;
			proxyType = 1;
			remoteGlobalIDString = A3D3A4BE1C566479003DD63F;
			remoteInfo = Sample_PodDemo;
		};
/* End PBXContainerItemProxy section */

/* Begin PBXFileReference section */
		A3D3A4BF1C566479003DD63F /* Sample_PodDemo.app */ = {isa = PBXFileReference; explicitFileType = wrapper.application; includeInIndex = 0; path = Sample_PodDemo.app; sourceTree = BUILT_PRODUCTS_DIR; };
		A3D3A4C31C566479003DD63F /* Info.plist */ = {isa = PBXFileReference; lastKnownFileType = text.plist.xml; path = Info.plist; sourceTree = "<group>"; };
		A3D3A4C41C566479003DD63F /* main.m */ = {isa = PBXFileReference; lastKnownFileType = sourcecode.c.objc; path = main.m; sourceTree = "<group>"; };
		A3D3A4C61C566479003DD63F /* AppDelegate.h */ = {isa = PBXFileReference; lastKnownFileType = sourcecode.c.h; path = AppDelegate.h; sourceTree = "<group>"; };
		A3D3A4C71C566479003DD63F /* AppDelegate.m */ = {isa = PBXFileReference; lastKnownFileType = sourcecode.c.objc; path = AppDelegate.m; sourceTree = "<group>"; };
		A3D3A4CA1C566479003DD63F /* Sample_PodDemo.xcdatamodel */ = {isa = PBXFileReference; lastKnownFileType = wrapper.xcdatamodel; path = Sample_PodDemo.xcdatamodel; sourceTree = "<group>"; };
		A3D3A4CC1C566479003DD63F /* ViewController.h */ = {isa = PBXFileReference; lastKnownFileType = sourcecode.c.h; path = ViewController.h; sourceTree = "<group>"; };
		A3D3A4CD1C566479003DD63F /* ViewController.m */ = {isa = PBXFileReference; lastKnownFileType = sourcecode.c.objc; path = ViewController.m; sourceTree = "<group>"; };
		A3D3A4D01C566479003DD63F /* Base */ = {isa = PBXFileReference; lastKnownFileType = file.storyboard; name = Base; path = Base.lproj/Main.storyboard; sourceTree = "<group>"; };
		A3D3A4D21C566479003DD63F /* Images.xcassets */ = {isa = PBXFileReference; lastKnownFileType = folder.assetcatalog; path = Images.xcassets; sourceTree = "<group>"; };
		A3D3A4D51C566479003DD63F /* Base */ = {isa = PBXFileReference; lastKnownFileType = file.xib; name = Base; path = Base.lproj/LaunchScreen.xib; sourceTree = "<group>"; };
		A3D3A4DB1C566479003DD63F /* Sample_PodDemoTests.xctest */ = {isa = PBXFileReference; explicitFileType = wrapper.cfbundle; includeInIndex = 0; path = Sample_PodDemoTests.xctest; sourceTree = BUILT_PRODUCTS_DIR; };
		A3D3A4E01C566479003DD63F /* Info.plist */ = {isa = PBXFileReference; lastKnownFileType = text.plist.xml; path = Info.plist; sourceTree = "<group>"; };
		A3D3A4E11C566479003DD63F /* Sample_PodDemoTests.m */ = {isa = PBXFileReference; lastKnownFileType = sourcecode.c.objc; path = Sample_PodDemoTests.m; sourceTree = "<group>"; };
/* End PBXFileReference section */

/* Begin PBXFrameworksBuildPhase section */
		A3D3A4BC1C566479003DD63F /* Frameworks */ = {
			isa = PBXFrameworksBuildPhase;
			buildActionMask = 2147483647;
			files = (
			);
			runOnlyForDeploymentPostprocessing = 0;
		};
		A3D3A4D81C566479003DD63F /* Frameworks */ = {
			isa = PBXFrameworksBuildPhase;
			buildActionMask = 2147483647;
			files = (
			);
			runOnlyForDeploymentPostprocessing = 0;
		};
/* End PBXFrameworksBuildPhase section */

/* Begin PBXGroup section */
		A3D3A4B61C566479003DD63F = {
			isa = PBXGroup;
			children = (
				A3D3A4C11C566479003DD63F /* Sample_PodDemo */,
				A3D3A4DE1C566479003DD63F /* Sample_PodDemoTests */,
				A3D3A4C01C566479003DD63F /* Products */,
			);
			sourceTree = "<group>";
		};
		A3D3A4C01C566479003DD63F /* Products */ = {
			isa = PBXGroup;
			children = (
				A3D3A4BF1C566479003DD63F /* Sample_PodDemo.app */,
				A3D3A4DB1C566479003DD63F /* Sample_PodDemoTests.xctest */,
			);
			name = Products;
			sourceTree = "<group>";
		};
		A3D3A4C11C566479003DD63F /* Sample_PodDemo */ = {
			isa = PBXGroup;
			children = (
				A3D3A4C61C566479003DD63F /* AppDelegate.h */,
				A3D3A4C71C566479003DD63F /* AppDelegate.m */,
				A3D3A4CC1C566479003DD63F /* ViewController.h */,
				A3D3A4CD1C566479003DD63F /* ViewController.m */,
				A3D3A4CF1C566479003DD63F /* Main.storyboard */,
				A3D3A4D21C566479003DD63F /* Images.xcassets */,
				A3D3A4D41C566479003DD63F /* LaunchScreen.xib */,
				A3D3A4C91C566479003DD63F /* Sample_PodDemo.xcdatamodeld */,
				A3D3A4C21C566479003DD63F /* Supporting Files */,
			);
			path = Sample_PodDemo;
			sourceTree = "<group>";
		};
		A3D3A4C21C566479003DD63F /* Supporting Files */ = {
			isa = PBXGroup;
			children = (
				A3D3A4C31C566479003DD63F /* Info.plist */,
				A3D3A4C41C566479003DD63F /* main.m */,
			);
			name = "Supporting Files";
			sourceTree = "<group>";
		};
		A3D3A4DE1C566479003DD63F /* Sample_PodDemoTests */ = {
			isa = PBXGroup;
			children = (
				A3D3A4E11C566479003DD63F /* Sample_PodDemoTests.m */,
				A3D3A4DF1C566479003DD63F /* Supporting Files */,
			);
			path = Sample_PodDemoTests;
			sourceTree = "<group>";
		};
		A3D3A4DF1C566479003DD63F /* Supporting Files */ = {
			isa = PBXGroup;
			children = (
				A3D3A4E01C566479003DD63F /* Info.plist */,
			);
			name = "Supporting Files";
			sourceTree = "<group>";
		};
/* End PBXGroup section */

/* Begin PBXNativeTarget section */
		A3D3A4BE1C566479003DD63F /* Sample_PodDemo */ = {
			isa = PBXNativeTarget;
			buildConfigurationList = A3D3A4E51C566479003DD63F /* Build configuration list for PBXNativeTarget "Sample_PodDemo" */;
			buildPhases = (
				A3D3A4BB1C566479003DD63F /* Sources */,
				A3D3A4BC1C566479003DD63F /* Frameworks */,
				A3D3A4BD1C566479003DD63F /* Resources */,
			);
			buildRules = (
			);
			dependencies = (
			);
			name = Sample_PodDemo;
			productName = Sample_PodDemo;
			productReference = A3D3A4BF1C566479003DD63F /* Sample_PodDemo.app */;
			productType = "com.apple.product-type.application";
		};
		A3D3A4DA1C566479003DD63F /* Sample_PodDemoTests */ = {
			isa = PBXNativeTarget;
			buildConfigurationList = A3D3A4E81C566479003DD63F /* Build configuration list for PBXNativeTarget "Sample_PodDemoTests" */;
			buildPhases = (
				A3D3A4D71C566479003DD63F /* Sources */,
				A3D3A4D81C566479003DD63F /* Frameworks */,
				A3D3A4D91C566479003DD63F /* Resources */,
			);
			buildRules = (
			);
			dependencies = (
				A3D3A4DD1C566479003DD63F /* PBXTargetDependency */,
			);
			name = Sample_PodDemoTests;
			productName = Sample_PodDemoTests;
			productReference = A3D3A4DB1C566479003DD63F /* Sample_PodDemoTests.xctest */;
			productType = "com.apple.product-type.bundle.unit-test";
		};
/* End PBXNativeTarget section */

/* Begin PBXProject section */
		A3D3A4B71C566479003DD63F /* Project object */ = {
			isa = PBXProject;
			attributes = {
				LastUpgradeCheck = 0640;
				ORGANIZATIONNAME = GAYATHRI_P;
				TargetAttributes = {
					A3D3A4BE1C566479003DD63F = {
						CreatedOnToolsVersion = 6.4;
					};
					A3D3A4DA1C566479003DD63F = {
						CreatedOnToolsVersion = 6.4;
						TestTargetID = A3D3A4BE1C566479003DD63F;
					};
				};
			};
			buildConfigurationList = A3D3A4BA1C566479003DD63F /* Build configuration list for PBXProject "Sample_PodDemo" */;
			compatibilityVersion = "Xcode 3.2";
			developmentRegion = English;
			hasScannedForEncodings = 0;
			knownRegions = (
				en,
				Base,
			);
			mainGroup = A3D3A4B61C566479003DD63F;
			productRefGroup = A3D3A4C01C566479003DD63F /* Products */;
			projectDirPath = "";
			projectRoot = "";
			targets = (
				A3D3A4BE1C566479003DD63F /* Sample_PodDemo */,
				A3D3A4DA1C566479003DD63F /* Sample_PodDemoTests */,
			);
		};
/* End PBXProject section */

/* Begin PBXResourcesBuildPhase section */
		A3D3A4BD1C566479003DD63F /* Resources */ = {
			isa = PBXResourcesBuildPhase;
			buildActionMask = 2147483647;
			files = (
				A3D3A4D11C566479003DD63F /* Main.storyboard in Resources */,
				A3D3A4D61C566479003DD63F /* LaunchScreen.xib in Resources */,
				A3D3A4D31C566479003DD63F /* Images.xcassets in Resources */,
			);
			runOnlyForDeploymentPostprocessing = 0;
		};
		A3D3A4D91C566479003DD63F /* Resources */ = {
			isa = PBXResourcesBuildPhase;
			buildActionMask = 2147483647;
			files = (
			);
			runOnlyForDeploymentPostprocessing = 0;
		};
/* End PBXResourcesBuildPhase section */

/* Begin PBXSourcesBuildPhase section */
		A3D3A4BB1C566479003DD63F /* Sources */ = {
			isa = PBXSourcesBuildPhase;
			buildActionMask = 2147483647;
			files = (
				A3D3A4C81C566479003DD63F /* AppDelegate.m in Sources */,
				A3D3A4CB1C566479003DD63F /* Sample_PodDemo.xcdatamodeld in Sources */,
				A3D3A4CE1C566479003DD63F /* ViewController.m in Sources */,
				A3D3A4C51C566479003DD63F /* main.m in Sources */,
			);
			runOnlyForDeploymentPostprocessing = 0;
		};
		A3D3A4D71C566479003DD63F /* Sources */ = {
			isa = PBXSourcesBuildPhase;
			buildActionMask = 2147483647;
			files = (
				A3D3A4E21C566479003DD63F /* Sample_PodDemoTests.m in Sources */,
			);
			runOnlyForDeploymentPostprocessing = 0;
		};
/* End PBXSourcesBuildPhase section */

/* Begin PBXTargetDependency section */
		A3D3A4DD1C566479003DD63F /* PBXTargetDependency */ = {
			isa = PBXTargetDependency;
			target = A3D3A4BE1C566479003DD63F /* Sample_PodDemo */;
			targetProxy = A3D3A4DC1C566479003DD63F /* PBXContainerItemProxy */;
		};
/* End PBXTargetDependency section */

/* Begin PBXVariantGroup section */
		A3D3A4CF1C566479003DD63F /* Main.storyboard */ = {
			isa = PBXVariantGroup;
			children = (
				A3D3A4D01C566479003DD63F /* Base */,
			);
			name = Main.storyboard;
			sourceTree = "<group>";
		};
		A3D3A4D41C566479003DD63F /* LaunchScreen.xib */ = {
			isa = PBXVariantGroup;
			children = (
				A3D3A4D51C566479003DD63F /* Base */,
			);
			name = LaunchScreen.xib;
			sourceTree = "<group>";
		};
/* End PBXVariantGroup section */

/* Begin XCBuildConfiguration section */
		A3D3A4E31C566479003DD63F /* Debug */ = {
			isa = XCBuildConfiguration;
			buildSettings = {
				ALWAYS_SEARCH_USER_PATHS = NO;
				CLANG_CXX_LANGUAGE_STANDARD = "gnu++0x";
				CLANG_CXX_LIBRARY = "libc++";
				CLANG_ENABLE_MODULES = YES;
				CLANG_ENABLE_OBJC_ARC = YES;
				CLANG_WARN_BOOL_CONVERSION = YES;
				CLANG_WARN_CONSTANT_CONVERSION = YES;
				CLANG_WARN_DIRECT_OBJC_ISA_USAGE = YES_ERROR;
				CLANG_WARN_EMPTY_BODY = YES;
				CLANG_WARN_ENUM_CONVERSION = YES;
				CLANG_WARN_INT_CONVERSION = YES;
				CLANG_WARN_OBJC_ROOT_CLASS = YES_ERROR;
				CLANG_WARN_UNREACHABLE_CODE = YES;
				CLANG_WARN__DUPLICATE_METHOD_MATCH = YES;
				"CODE_SIGN_IDENTITY[sdk=iphoneos*]" = "iPhone Developer";
				COPY_PHASE_STRIP = NO;
				DEBUG_INFORMATION_FORMAT = "dwarf-with-dsym";
				ENABLE_STRICT_OBJC_MSGSEND = YES;
				GCC_C_LANGUAGE_STANDARD = gnu99;
				GCC_DYNAMIC_NO_PIC = NO;
				GCC_NO_COMMON_BLOCKS = YES;
				GCC_OPTIMIZATION_LEVEL = 0;
				GCC_PREPROCESSOR_DEFINITIONS = (
					"DEBUG=1",
					"$(inherited)",
				);
				GCC_SYMBOLS_PRIVATE_EXTERN = NO;
				GCC_WARN_64_TO_32_BIT_CONVERSION = YES;
				GCC_WARN_ABOUT_RETURN_TYPE = YES_ERROR;
				GCC_WARN_UNDECLARED_SELECTOR = YES;
				GCC_WARN_UNINITIALIZED_AUTOS = YES_AGGRESSIVE;
				GCC_WARN_UNUSED_FUNCTION = YES;
				GCC_WARN_UNUSED_VARIABLE = YES;
				IPHONEOS_DEPLOYMENT_TARGET = 8.4;
				MTL_ENABLE_DEBUG_INFO = YES;
				ONLY_ACTIVE_ARCH = YES;
				SDKROOT = iphoneos;
				TARGETED_DEVICE_FAMILY = "1,2";
			};
			name = Debug;
		};
		A3D3A4E41C566479003DD63F /* Release */ = {
			isa = XCBuildConfiguration;
			buildSettings = {
				ALWAYS_SEARCH_USER_PATHS = NO;
				CLANG_CXX_LANGUAGE_STANDARD = "gnu++0x";
				CLANG_CXX_LIBRARY = "libc++";
				CLANG_ENABLE_MODULES = YES;
				CLANG_ENABLE_OBJC_ARC = YES;
				CLANG_WARN_BOOL_CONVERSION = YES;
				CLANG_WARN_CONSTANT_CONVERSION = YES;
				CLANG_WARN_DIRECT_OBJC_ISA_USAGE = YES_ERROR;
				CLANG_WARN_EMPTY_BODY = YES;
				CLANG_WARN_ENUM_CONVERSION = YES;
				CLANG_WARN_INT_CONVERSION = YES;
				CLANG_WARN_OBJC_ROOT_CLASS = YES_ERROR;
				CLANG_WARN_UNREACHABLE_CODE = YES;
				CLANG_WARN__DUPLICATE_METHOD_MATCH = YES;
				"CODE_SIGN_IDENTITY[sdk=iphoneos*]" = "iPhone Developer";
				COPY_PHASE_STRIP = NO;
				DEBUG_INFORMATION_FORMAT = "dwarf-with-dsym";
				ENABLE_NS_ASSERTIONS = NO;
				ENABLE_STRICT_OBJC_MSGSEND = YES;
				GCC_C_LANGUAGE_STANDARD = gnu99;
				GCC_NO_COMMON_BLOCKS = YES;
				GCC_WARN_64_TO_32_BIT_CONVERSION = YES;
				GCC_WARN_ABOUT_RETURN_TYPE = YES_ERROR;
				GCC_WARN_UNDECLARED_SELECTOR = YES;
				GCC_WARN_UNINITIALIZED_AUTOS = YES_AGGRESSIVE;
				GCC_WARN_UNUSED_FUNCTION = YES;
				GCC_WARN_UNUSED_VARIABLE = YES;
				IPHONEOS_DEPLOYMENT_TARGET = 8.4;
				MTL_ENABLE_DEBUG_INFO = NO;
				SDKROOT = iphoneos;
				TARGETED_DEVICE_FAMILY = "1,2";
				VALIDATE_PRODUCT = YES;
			};
			name = Release;
		};
		A3D3A4E61C566479003DD63F /* Debug */ = {
			isa = XCBuildConfiguration;
			buildSettings = {
				ASSETCATALOG_COMPILER_APPICON_NAME = AppIcon;
				INFOPLIST_FILE = Sample_PodDemo/Info.plist;
				LD_RUNPATH_SEARCH_PATHS = "$(inherited) @executable_path/Frameworks";
				PRODUCT_NAME = "$(TARGET_NAME)";
			};
			name = Debug;
		};
		A3D3A4E71C566479003DD63F /* Release */ = {
			isa = XCBuildConfiguration;
			buildSettings = {
				ASSETCATALOG_COMPILER_APPICON_NAME = AppIcon;
				INFOPLIST_FILE = Sample_PodDemo/Info.plist;
				LD_RUNPATH_SEARCH_PATHS = "$(inherited) @executable_path/Frameworks";
				PRODUCT_NAME = "$(TARGET_NAME)";
			};
			name = Release;
		};
		A3D3A4E91C566479003DD63F /* Debug */ = {
			isa = XCBuildConfiguration;
			buildSettings = {
				BUNDLE_LOADER = "$(TEST_HOST)";
				FRAMEWORK_SEARCH_PATHS = (
					"$(SDKROOT)/Developer/Library/Frameworks",
					"$(inherited)",
				);
				GCC_PREPROCESSOR_DEFINITIONS = (
					"DEBUG=1",
					"$(inherited)",
				);
				INFOPLIST_FILE = Sample_PodDemoTests/Info.plist;
				LD_RUNPATH_SEARCH_PATHS = "$(inherited) @executable_path/Frameworks @loader_path/Frameworks";
				PRODUCT_NAME = "$(TARGET_NAME)";
				TEST_HOST = "$(BUILT_PRODUCTS_DIR)/Sample_PodDemo.app/Sample_PodDemo";
			};
			name = Debug;
		};
		A3D3A4EA1C566479003DD63F /* Release */ = {
			isa = XCBuildConfiguration;
			buildSettings = {
				BUNDLE_LOADER = "$(TEST_HOST)";
				FRAMEWORK_SEARCH_PATHS = (
					"$(SDKROOT)/Developer/Library/Frameworks",
					"$(inherited)",
				);
				INFOPLIST_FILE = Sample_PodDemoTests/Info.plist;
				LD_RUNPATH_SEARCH_PATHS = "$(inherited) @executable_path/Frameworks @loader_path/Frameworks";
				PRODUCT_NAME = "$(TARGET_NAME)";
				TEST_HOST = "$(BUILT_PRODUCTS_DIR)/Sample_PodDemo.app/Sample_PodDemo";
			};
			name = Release;
		};
/* End XCBuildConfiguration section */

/* Begin XCConfigurationList section */
		A3D3A4BA1C566479003DD63F /* Build configuration list for PBXProject "Sample_PodDemo" */ = {
			isa = XCConfigurationList;
			buildConfigurations = (
				A3D3A4E31C566479003DD63F /* Debug */,
				A3D3A4E41C566479003DD63F /* Release */,
			);
			defaultConfigurationIsVisible = 0;
			defaultConfigurationName = Release;
		};
		A3D3A4E51C566479003DD63F /* Build configuration list for PBXNativeTarget "Sample_PodDemo" */ = {
			isa = XCConfigurationList;
			buildConfigurations = (
				A3D3A4E61C566479003DD63F /* Debug */,
				A3D3A4E71C566479003DD63F /* Release */,
			);
			defaultConfigurationIsVisible = 0;
		};
		A3D3A4E81C566479003DD63F /* Build configuration list for PBXNativeTarget "Sample_PodDemoTests" */ = {
			isa = XCConfigurationList;
			buildConfigurations = (
				A3D3A4E91C566479003DD63F /* Debug */,
				A3D3A4EA1C566479003DD63F /* Release */,
			);
			defaultConfigurationIsVisible = 0;
		};
/* End XCConfigurationList section */

/* Begin XCVersionGroup section */
		A3D3A4C91C566479003DD63F /* Sample_PodDemo.xcdatamodeld */ = {
			isa = XCVersionGroup;
			children = (
				A3D3A4CA1C566479003DD63F /* Sample_PodDemo.xcdatamodel */,
			);
			currentVersion = A3D3A4CA1C566479003DD63F /* Sample_PodDemo.xcdatamodel */;
			path = Sample_PodDemo.xcdatamodeld;
			sourceTree = "<group>";
			versionGroupType = wrapper.xcdatamodel;
		};
/* End XCVersionGroup section */
	};
	rootObject = A3D3A4B71C566479003DD63F /* Project object */;
}
